
Microsoft Visual Studio Solution File, Format Version 12.00
# Visual Studio Version 16
VisualStudioVersion = 16.0.29521.150
MinimumVisualStudioVersion = 10.0.40219.1
Project("{FAE04EC0-301F-11D3-BF4B-00C04F79EFBC}") = "PSMWUpdater", "PSMWUpdater\PSMWUpdater.csproj", "{112965B3-9133-4108-8600-EA13F99EE5B9}"
EndProject
Global
	GlobalSection(SolutionConfigurationPlatforms) = preSolution
		Debug|Any CPU = Debug|Any CPU
		Release|Any CPU = Release|Any CPU
	EndGlobalSection
	GlobalSection(ProjectConfigurationPlatforms) = postSolution
		{112965B3-9133-4108-8600-EA13F99EE5B9}.Debug|Any CPU.ActiveCfg = Debug|Any CPU
		{112965B3-9133-4108-8600-EA13F99EE5B9}.Debug|Any CPU.Build.0 = Debug|Any CPU
		{112965B3-9133-4108-8600-EA13F99EE5B9}.Release|Any CPU.ActiveCfg = Release|Any CPU
		{112965B3-9133-4108-8600-EA13F99EE5B9}.Release|Any CPU.Build.0 = Release|Any CPU
	EndGlobalSection
	GlobalSection(SolutionProperties) = preSolution
		HideSolutionNode = FALSE
	EndGlobalSection
	GlobalSection(ExtensibilityGlobals) = postSolution
		SolutionGuid = {4943A013-6924-4CA1-A884-80243C1E4D03}
	EndGlobalSection
EndGlobal
